// !$*UTF8*$!
{
	archiveVersion = 1;
	classes = {
	};
	objectVersion = 46;
	objects = {

/* Begin PBXBuildFile section */
		6E0AF5541F1F443000390A20 /* AppDelegate.swift in Sources */ = {isa = PBXBuildFile; fileRef = 6E0AF5531F1F443000390A20 /* AppDelegate.swift */; };
		6E0AF55B1F1F443000390A20 /* Assets.xcassets in Resources */ = {isa = PBXBuildFile; fileRef = 6E0AF55A1F1F443000390A20 /* Assets.xcassets */; };
		6E0AF55E1F1F443000390A20 /* LaunchScreen.storyboard in Resources */ = {isa = PBXBuildFile; fileRef = 6E0AF55C1F1F443000390A20 /* LaunchScreen.storyboard */; };
		6E9F137120732AF4009BF82C /* WBMainVC.swift in Sources */ = {isa = PBXBuildFile; fileRef = 6E9F137020732AF4009BF82C /* WBMainVC.swift */; };
		6E9F137320732CC3009BF82C /* WBNavVC.swift in Sources */ = {isa = PBXBuildFile; fileRef = 6E9F137220732CC3009BF82C /* WBNavVC.swift */; };
		6E9F137520732D0F009BF82C /* WBBaseVC.swift in Sources */ = {isa = PBXBuildFile; fileRef = 6E9F137420732D0E009BF82C /* WBBaseVC.swift */; };
		6E9F137720732D63009BF82C /* WBHomeVC.swift in Sources */ = {isa = PBXBuildFile; fileRef = 6E9F137620732D63009BF82C /* WBHomeVC.swift */; };
		6E9F137920732D8F009BF82C /* WBMessagVC.swift in Sources */ = {isa = PBXBuildFile; fileRef = 6E9F137820732D8F009BF82C /* WBMessagVC.swift */; };
		6E9F137B20732DA8009BF82C /* WBDiscoverVC.swift in Sources */ = {isa = PBXBuildFile; fileRef = 6E9F137A20732DA8009BF82C /* WBDiscoverVC.swift */; };
		6E9F137D20732DBE009BF82C /* WBProfileVC.swift in Sources */ = {isa = PBXBuildFile; fileRef = 6E9F137C20732DBE009BF82C /* WBProfileVC.swift */; };
/* End PBXBuildFile section */

/* Begin PBXFileReference section */
		6E0AF5501F1F443000390A20 /* WeiBo.app */ = {isa = PBXFileReference; explicitFileType = wrapper.application; includeInIndex = 0; path = WeiBo.app; sourceTree = BUILT_PRODUCTS_DIR; };
		6E0AF5531F1F443000390A20 /* AppDelegate.swift */ = {isa = PBXFileReference; lastKnownFileType = sourcecode.swift; path = AppDelegate.swift; sourceTree = "<group>"; };
		6E0AF55A1F1F443000390A20 /* Assets.xcassets */ = {isa = PBXFileReference; lastKnownFileType = folder.assetcatalog; path = Assets.xcassets; sourceTree = "<group>"; };
		6E0AF55D1F1F443000390A20 /* Base */ = {isa = PBXFileReference; lastKnownFileType = file.storyboard; name = Base; path = Base.lproj/LaunchScreen.storyboard; sourceTree = "<group>"; };
		6E0AF55F1F1F443000390A20 /* Info.plist */ = {isa = PBXFileReference; lastKnownFileType = text.plist.xml; path = Info.plist; sourceTree = "<group>"; };
		6E9F137020732AF4009BF82C /* WBMainVC.swift */ = {isa = PBXFileReference; lastKnownFileType = sourcecode.swift; path = WBMainVC.swift; sourceTree = "<group>"; };
		6E9F137220732CC3009BF82C /* WBNavVC.swift */ = {isa = PBXFileReference; lastKnownFileType = sourcecode.swift; path = WBNavVC.swift; sourceTree = "<group>"; };
		6E9F137420732D0E009BF82C /* WBBaseVC.swift */ = {isa = PBXFileReference; lastKnownFileType = sourcecode.swift; path = WBBaseVC.swift; sourceTree = "<group>"; };
		6E9F137620732D63009BF82C /* WBHomeVC.swift */ = {isa = PBXFileReference; lastKnownFileType = sourcecode.swift; path = WBHomeVC.swift; sourceTree = "<group>"; };
		6E9F137820732D8F009BF82C /* WBMessagVC.swift */ = {isa = PBXFileReference; lastKnownFileType = sourcecode.swift; path = WBMessagVC.swift; sourceTree = "<group>"; };
		6E9F137A20732DA8009BF82C /* WBDiscoverVC.swift */ = {isa = PBXFileReference; lastKnownFileType = sourcecode.swift; path = WBDiscoverVC.swift; sourceTree = "<group>"; };
		6E9F137C20732DBE009BF82C /* WBProfileVC.swift */ = {isa = PBXFileReference; lastKnownFileType = sourcecode.swift; path = WBProfileVC.swift; sourceTree = "<group>"; };
/* End PBXFileReference section */

/* Begin PBXFrameworksBuildPhase section */
		6E0AF54D1F1F443000390A20 /* Frameworks */ = {
			isa = PBXFrameworksBuildPhase;
			buildActionMask = 2147483647;
			files = (
			);
			runOnlyForDeploymentPostprocessing = 0;
		};
/* End PBXFrameworksBuildPhase section */

/* Begin PBXGroup section */
		6E0AF5471F1F443000390A20 = {
			isa = PBXGroup;
			children = (
				6E0AF5521F1F443000390A20 /* WeiBo */,
				6E0AF5511F1F443000390A20 /* Products */,
			);
			sourceTree = "<group>";
		};
		6E0AF5511F1F443000390A20 /* Products */ = {
			isa = PBXGroup;
			children = (
				6E0AF5501F1F443000390A20 /* WeiBo.app */,
			);
			name = Products;
			sourceTree = "<group>";
		};
		6E0AF5521F1F443000390A20 /* WeiBo */ = {
			isa = PBXGroup;
			children = (
				6E1A42A1206E2C33001EB39A /* Classes */,
				6E0AF5531F1F443000390A20 /* AppDelegate.swift */,
				6E0AF55A1F1F443000390A20 /* Assets.xcassets */,
				6E0AF55C1F1F443000390A20 /* LaunchScreen.storyboard */,
				6E0AF55F1F1F443000390A20 /* Info.plist */,
			);
			path = WeiBo;
			sourceTree = "<group>";
		};
		6E1A42A1206E2C33001EB39A /* Classes */ = {
			isa = PBXGroup;
			children = (
				6E1A42A2206E2C33001EB39A /* ViewModel */,
				6E1A42A3206E2C33001EB39A /* Tools */,
				6E1A42A4206E2C33001EB39A /* Model */,
				6E1A42A5206E2C33001EB39A /* View */,
			);
			path = Classes;
			sourceTree = SOURCE_ROOT;
		};
		6E1A42A2206E2C33001EB39A /* ViewModel */ = {
			isa = PBXGroup;
			children = (
			);
			path = ViewModel;
			sourceTree = "<group>";
		};
		6E1A42A3206E2C33001EB39A /* Tools */ = {
			isa = PBXGroup;
			children = (
			);
			path = Tools;
			sourceTree = "<group>";
		};
		6E1A42A4206E2C33001EB39A /* Model */ = {
			isa = PBXGroup;
			children = (
			);
			path = Model;
			sourceTree = "<group>";
		};
		6E1A42A5206E2C33001EB39A /* View */ = {
			isa = PBXGroup;
			children = (
				6E1A42AA206E2C33001EB39A /* Main */,
				6E1A42A6206E2C33001EB39A /* Home */,
				6E1A42A7206E2C33001EB39A /* Discover */,
				6E1A42A8206E2C33001EB39A /* Message */,
				6E1A42A9206E2C33001EB39A /* Profile */,
			);
			path = View;
			sourceTree = "<group>";
		};
		6E1A42A6206E2C33001EB39A /* Home */ = {
			isa = PBXGroup;
			children = (
				6E9F137620732D63009BF82C /* WBHomeVC.swift */,
			);
			path = Home;
			sourceTree = "<group>";
		};
		6E1A42A7206E2C33001EB39A /* Discover */ = {
			isa = PBXGroup;
			children = (
				6E9F137A20732DA8009BF82C /* WBDiscoverVC.swift */,
			);
			path = Discover;
			sourceTree = "<group>";
		};
		6E1A42A8206E2C33001EB39A /* Message */ = {
			isa = PBXGroup;
			children = (
				6E9F137820732D8F009BF82C /* WBMessagVC.swift */,
			);
			path = Message;
			sourceTree = "<group>";
		};
		6E1A42A9206E2C33001EB39A /* Profile */ = {
			isa = PBXGroup;
			children = (
				6E9F137C20732DBE009BF82C /* WBProfileVC.swift */,
			);
			path = Profile;
			sourceTree = "<group>";
		};
		6E1A42AA206E2C33001EB39A /* Main */ = {
			isa = PBXGroup;
			children = (
				6E9F137020732AF4009BF82C /* WBMainVC.swift */,
				6E9F137220732CC3009BF82C /* WBNavVC.swift */,
				6E9F137420732D0E009BF82C /* WBBaseVC.swift */,
			);
			path = Main;
			sourceTree = "<group>";
		};
/* End PBXGroup section */

/* Begin PBXNativeTarget section */
		6E0AF54F1F1F443000390A20 /* WeiBo */ = {
			isa = PBXNativeTarget;
			buildConfigurationList = 6E0AF5621F1F443000390A20 /* Build configuration list for PBXNativeTarget "WeiBo" */;
			buildPhases = (
				6E0AF54C1F1F443000390A20 /* Sources */,
				6E0AF54D1F1F443000390A20 /* Frameworks */,
				6E0AF54E1F1F443000390A20 /* Resources */,
			);
			buildRules = (
			);
			dependencies = (
			);
			name = WeiBo;
			productName = WeiBo;
			productReference = 6E0AF5501F1F443000390A20 /* WeiBo.app */;
			productType = "com.apple.product-type.application";
		};
/* End PBXNativeTarget section */

/* Begin PBXProject section */
		6E0AF5481F1F443000390A20 /* Project object */ = {
			isa = PBXProject;
			attributes = {
				CLASSPREFIX = WB;
				LastSwiftUpdateCheck = 0830;
				LastUpgradeCheck = 0830;
				ORGANIZATIONNAME = "李依";
				TargetAttributes = {
					6E0AF54F1F1F443000390A20 = {
						CreatedOnToolsVersion = 8.3.3;
						DevelopmentTeam = 76Z7NUJ69X;
						ProvisioningStyle = Automatic;
					};
				};
			};
			buildConfigurationList = 6E0AF54B1F1F443000390A20 /* Build configuration list for PBXProject "WeiBo" */;
			compatibilityVersion = "Xcode 3.2";
			developmentRegion = English;
			hasScannedForEncodings = 0;
			knownRegions = (
				en,
				Base,
			);
			mainGroup = 6E0AF5471F1F443000390A20;
			productRefGroup = 6E0AF5511F1F443000390A20 /* Products */;
			projectDirPath = "";
			projectRoot = "";
			targets = (
				6E0AF54F1F1F443000390A20 /* WeiBo */,
			);
		};
/* End PBXProject section */

/* Begin PBXResourcesBuildPhase section */
		6E0AF54E1F1F443000390A20 /* Resources */ = {
			isa = PBXResourcesBuildPhase;
			buildActionMask = 2147483647;
			files = (
				6E0AF55E1F1F443000390A20 /* LaunchScreen.storyboard in Resources */,
				6E0AF55B1F1F443000390A20 /* Assets.xcassets in Resources */,
			);
			runOnlyForDeploymentPostprocessing = 0;
		};
/* End PBXResourcesBuildPhase section */

/* Begin PBXSourcesBuildPhase section */
		6E0AF54C1F1F443000390A20 /* Sources */ = {
			isa = PBXSourcesBuildPhase;
			buildActionMask = 2147483647;
			files = (
				6E9F137720732D63009BF82C /* WBHomeVC.swift in Sources */,
				6E9F137120732AF4009BF82C /* WBMainVC.swift in Sources */,
				6E0AF5541F1F443000390A20 /* AppDelegate.swift in Sources */,
				6E9F137920732D8F009BF82C /* WBMessagVC.swift in Sources */,
				6E9F137520732D0F009BF82C /* WBBaseVC.swift in Sources */,
				6E9F137B20732DA8009BF82C /* WBDiscoverVC.swift in Sources */,
				6E9F137320732CC3009BF82C /* WBNavVC.swift in Sources */,
				6E9F137D20732DBE009BF82C /* WBProfileVC.swift in Sources */,
			);
			runOnlyForDeploymentPostprocessing = 0;
		};
/* End PBXSourcesBuildPhase section */

/* Begin PBXVariantGroup section */
		6E0AF55C1F1F443000390A20 /* LaunchScreen.storyboard */ = {
			isa = PBXVariantGroup;
			children = (
				6E0AF55D1F1F443000390A20 /* Base */,
			);
			name = LaunchScreen.storyboard;
			sourceTree = "<group>";
		};
/* End PBXVariantGroup section */

/* Begin XCBuildConfiguration section */
		6E0AF5601F1F443000390A20 /* Debug */ = {
			isa = XCBuildConfiguration;
			buildSettings = {
				ALWAYS_SEARCH_USER_PATHS = NO;
				CLANG_ANALYZER_NONNULL = YES;
				CLANG_ANALYZER_NUMBER_OBJECT_CONVERSION = YES_AGGRESSIVE;
				CLANG_CXX_LANGUAGE_STANDARD = "gnu++0x";
				CLANG_CXX_LIBRARY = "libc++";
				CLANG_ENABLE_MODULES = YES;
				CLANG_ENABLE_OBJC_ARC = YES;
				CLANG_WARN_BOOL_CONVERSION = YES;
				CLANG_WARN_CONSTANT_CONVERSION = YES;
				CLANG_WARN_DIRECT_OBJC_ISA_USAGE = YES_ERROR;
				CLANG_WARN_DOCUMENTATION_COMMENTS = YES;
				CLANG_WARN_EMPTY_BODY = YES;
				CLANG_WARN_ENUM_CONVERSION = YES;
				CLANG_WARN_INFINITE_RECURSION = YES;
				CLANG_WARN_INT_CONVERSION = YES;
				CLANG_WARN_OBJC_ROOT_CLASS = YES_ERROR;
				CLANG_WARN_SUSPICIOUS_MOVE = YES;
				CLANG_WARN_UNREACHABLE_CODE = YES;
				CLANG_WARN__DUPLICATE_METHOD_MATCH = YES;
				"CODE_SIGN_IDENTITY[sdk=iphoneos*]" = "iPhone Developer";
				COPY_PHASE_STRIP = NO;
				DEBUG_INFORMATION_FORMAT = dwarf;
				ENABLE_STRICT_OBJC_MSGSEND = YES;
				ENABLE_TESTABILITY = YES;
				GCC_C_LANGUAGE_STANDARD = gnu99;
				GCC_DYNAMIC_NO_PIC = NO;
				GCC_NO_COMMON_BLOCKS = YES;
				GCC_OPTIMIZATION_LEVEL = 0;
				GCC_PREPROCESSOR_DEFINITIONS = (
					"DEBUG=1",
					"$(inherited)",
				);
				GCC_WARN_64_TO_32_BIT_CONVERSION = YES;
				GCC_WARN_ABOUT_RETURN_TYPE = YES_ERROR;
				GCC_WARN_UNDECLARED_SELECTOR = YES;
				GCC_WARN_UNINITIALIZED_AUTOS = YES_AGGRESSIVE;
				GCC_WARN_UNUSED_FUNCTION = YES;
				GCC_WARN_UNUSED_VARIABLE = YES;
				IPHONEOS_DEPLOYMENT_TARGET = 10.3;
				MTL_ENABLE_DEBUG_INFO = YES;
				ONLY_ACTIVE_ARCH = YES;
				SDKROOT = iphoneos;
				SWIFT_ACTIVE_COMPILATION_CONDITIONS = DEBUG;
				SWIFT_OPTIMIZATION_LEVEL = "-Onone";
				TARGETED_DEVICE_FAMILY = "1,2";
			};
			name = Debug;
		};
		6E0AF5611F1F443000390A20 /* Release */ = {
			isa = XCBuildConfiguration;
			buildSettings = {
				ALWAYS_SEARCH_USER_PATHS = NO;
				CLANG_ANALYZER_NONNULL = YES;
				CLANG_ANALYZER_NUMBER_OBJECT_CONVERSION = YES_AGGRESSIVE;
				CLANG_CXX_LANGUAGE_STANDARD = "gnu++0x";
				CLANG_CXX_LIBRARY = "libc++";
				CLANG_ENABLE_MODULES = YES;
				CLANG_ENABLE_OBJC_ARC = YES;
				CLANG_WARN_BOOL_CONVERSION = YES;
				CLANG_WARN_CONSTANT_CONVERSION = YES;
				CLANG_WARN_DIRECT_OBJC_ISA_USAGE = YES_ERROR;
				CLANG_WARN_DOCUMENTATION_COMMENTS = YES;
				CLANG_WARN_EMPTY_BODY = YES;
				CLANG_WARN_ENUM_CONVERSION = YES;
				CLANG_WARN_INFINITE_RECURSION = YES;
				CLANG_WARN_INT_CONVERSION = YES;
				CLANG_WARN_OBJC_ROOT_CLASS = YES_ERROR;
				CLANG_WARN_SUSPICIOUS_MOVE = YES;
				CLANG_WARN_UNREACHABLE_CODE = YES;
				CLANG_WARN__DUPLICATE_METHOD_MATCH = YES;
				"CODE_SIGN_IDENTITY[sdk=iphoneos*]" = "iPhone Developer";
				COPY_PHASE_STRIP = NO;
				DEBUG_INFORMATION_FORMAT = "dwarf-with-dsym";
				ENABLE_NS_ASSERTIONS = NO;
				ENABLE_STRICT_OBJC_MSGSEND = YES;
				GCC_C_LANGUAGE_STANDARD = gnu99;
				GCC_NO_COMMON_BLOCKS = YES;
				GCC_WARN_64_TO_32_BIT_CONVERSION = YES;
				GCC_WARN_ABOUT_RETURN_TYPE = YES_ERROR;
				GCC_WARN_UNDECLARED_SELECTOR = YES;
				GCC_WARN_UNINITIALIZED_AUTOS = YES_AGGRESSIVE;
				GCC_WARN_UNUSED_FUNCTION = YES;
				GCC_WARN_UNUSED_VARIABLE = YES;
				IPHONEOS_DEPLOYMENT_TARGET = 10.3;
				MTL_ENABLE_DEBUG_INFO = NO;
				SDKROOT = iphoneos;
				SWIFT_OPTIMIZATION_LEVEL = "-Owholemodule";
				TARGETED_DEVICE_FAMILY = "1,2";
				VALIDATE_PRODUCT = YES;
			};
			name = Release;
		};
		6E0AF5631F1F443000390A20 /* Debug */ = {
			isa = XCBuildConfiguration;
			buildSettings = {
				ASSETCATALOG_COMPILER_APPICON_NAME = AppIcon;
				DEVELOPMENT_TEAM = 76Z7NUJ69X;
				INFOPLIST_FILE = WeiBo/Info.plist;
				IPHONEOS_DEPLOYMENT_TARGET = 9.0;
				LD_RUNPATH_SEARCH_PATHS = "$(inherited) @executable_path/Frameworks";
				PRODUCT_BUNDLE_IDENTIFIER = YiYi.WeiBo;
				PRODUCT_NAME = "$(TARGET_NAME)";
				SWIFT_VERSION = 3.0;
			};
			name = Debug;
		};
		6E0AF5641F1F443000390A20 /* Release */ = {
			isa = XCBuildConfiguration;
			buildSettings = {
				ASSETCATALOG_COMPILER_APPICON_NAME = AppIcon;
				DEVELOPMENT_TEAM = 76Z7NUJ69X;
				INFOPLIST_FILE = WeiBo/Info.plist;
				IPHONEOS_DEPLOYMENT_TARGET = 9.0;
				LD_RUNPATH_SEARCH_PATHS = "$(inherited) @executable_path/Frameworks";
				PRODUCT_BUNDLE_IDENTIFIER = YiYi.WeiBo;
				PRODUCT_NAME = "$(TARGET_NAME)";
				SWIFT_VERSION = 3.0;
			};
			name = Release;
		};
/* End XCBuildConfiguration section */

/* Begin XCConfigurationList section */
		6E0AF54B1F1F443000390A20 /* Build configuration list for PBXProject "WeiBo" */ = {
			isa = XCConfigurationList;
			buildConfigurations = (
				6E0AF5601F1F443000390A20 /* Debug */,
				6E0AF5611F1F443000390A20 /* Release */,
			);
			defaultConfigurationIsVisible = 0;
			defaultConfigurationName = Release;
		};
		6E0AF5621F1F443000390A20 /* Build configuration list for PBXNativeTarget "WeiBo" */ = {
			isa = XCConfigurationList;
			buildConfigurations = (
				6E0AF5631F1F443000390A20 /* Debug */,
				6E0AF5641F1F443000390A20 /* Release */,
			);
			defaultConfigurationIsVisible = 0;
			defaultConfigurationName = Release;
		};
/* End XCConfigurationList section */
	};
	rootObject = 6E0AF5481F1F443000390A20 /* Project object */;
}
